
Microsoft Visual Studio Solution File, Format Version 12.00
# Visual Studio 15
VisualStudioVersion = 15.0.27703.2000
MinimumVisualStudioVersion = 10.0.40219.1
Project("{9A19103F-16F7-4668-BE54-9A1E7A4F7556}") = "CPBC.DotNetCore.Common", "CPBC.DotNetCore.Common\CPBC.DotNetCore.Common.csproj", "{984951B8-59AA-4486-B69D-C389F490A37D}"
EndProject
Project("{9A19103F-16F7-4668-BE54-9A1E7A4F7556}") = "CPBC.DotNetCore.BusinessLayer", "CPBC.DotNetCore.BusinessLayer\CPBC.DotNetCore.BusinessLayer.csproj", "{33850ECB-9283-41E4-9DC0-7AB5D722F12D}"
EndProject
Project("{9A19103F-16F7-4668-BE54-9A1E7A4F7556}") = "CPBC.DotNetCore.DAL", "CPBC.DotNetCore.DAL\CPBC.DotNetCore.DAL.csproj", "{FE36A6B5-9BBA-499C-BA5A-8BE93A24899B}"
EndProject
Project("{FAE04EC0-301F-11D3-BF4B-00C04F79EFBC}") = "CPBC.DotNetCore.Service", "CPBC.DotNetCore.Service\CPBC.DotNetCore.Service.csproj", "{ABE7D64F-B83D-4038-8B74-BCE6C7E074DA}"
EndProject
Global
	GlobalSection(SolutionConfigurationPlatforms) = preSolution
		Debug|Any CPU = Debug|Any CPU
		Release|Any CPU = Release|Any CPU
	EndGlobalSection
	GlobalSection(ProjectConfigurationPlatforms) = postSolution
		{984951B8-59AA-4486-B69D-C389F490A37D}.Debug|Any CPU.ActiveCfg = Debug|Any CPU
		{984951B8-59AA-4486-B69D-C389F490A37D}.Debug|Any CPU.Build.0 = Debug|Any CPU
		{984951B8-59AA-4486-B69D-C389F490A37D}.Release|Any CPU.ActiveCfg = Release|Any CPU
		{984951B8-59AA-4486-B69D-C389F490A37D}.Release|Any CPU.Build.0 = Release|Any CPU
		{33850ECB-9283-41E4-9DC0-7AB5D722F12D}.Debug|Any CPU.ActiveCfg = Debug|Any CPU
		{33850ECB-9283-41E4-9DC0-7AB5D722F12D}.Debug|Any CPU.Build.0 = Debug|Any CPU
		{33850ECB-9283-41E4-9DC0-7AB5D722F12D}.Release|Any CPU.ActiveCfg = Release|Any CPU
		{33850ECB-9283-41E4-9DC0-7AB5D722F12D}.Release|Any CPU.Build.0 = Release|Any CPU
		{FE36A6B5-9BBA-499C-BA5A-8BE93A24899B}.Debug|Any CPU.ActiveCfg = Debug|Any CPU
		{FE36A6B5-9BBA-499C-BA5A-8BE93A24899B}.Debug|Any CPU.Build.0 = Debug|Any CPU
		{FE36A6B5-9BBA-499C-BA5A-8BE93A24899B}.Release|Any CPU.ActiveCfg = Release|Any CPU
		{FE36A6B5-9BBA-499C-BA5A-8BE93A24899B}.Release|Any CPU.Build.0 = Release|Any CPU
		{ABE7D64F-B83D-4038-8B74-BCE6C7E074DA}.Debug|Any CPU.ActiveCfg = Debug|Any CPU
		{ABE7D64F-B83D-4038-8B74-BCE6C7E074DA}.Debug|Any CPU.Build.0 = Debug|Any CPU
		{ABE7D64F-B83D-4038-8B74-BCE6C7E074DA}.Release|Any CPU.ActiveCfg = Release|Any CPU
		{ABE7D64F-B83D-4038-8B74-BCE6C7E074DA}.Release|Any CPU.Build.0 = Release|Any CPU
	EndGlobalSection
	GlobalSection(SolutionProperties) = preSolution
		HideSolutionNode = FALSE
	EndGlobalSection
	GlobalSection(ExtensibilityGlobals) = postSolution
		SolutionGuid = {F3ED3311-A29B-4105-A22C-3BC648BA9A2F}
	EndGlobalSection
EndGlobal
